
Microsoft Visual Studio Solution File, Format Version 12.00
# Visual Studio Version 17
VisualStudioVersion = 17.4.33213.308
MinimumVisualStudioVersion = 10.0.40219.1
Project("{FAE04EC0-301F-11D3-BF4B-00C04F79EFBC}") = "StrategyPattern", "StrategyPattern.csproj", "{0E6CFF82-D3C0-451E-9497-03DA989BB045}"
EndProject
Global
	GlobalSection(SolutionConfigurationPlatforms) = preSolution
		Debug|Any CPU = Debug|Any CPU
		Release|Any CPU = Release|Any CPU
	EndGlobalSection
	GlobalSection(ProjectConfigurationPlatforms) = postSolution
		{0E6CFF82-D3C0-451E-9497-03DA989BB045}.Debug|Any CPU.ActiveCfg = Debug|Any CPU
		{0E6CFF82-D3C0-451E-9497-03DA989BB045}.Debug|Any CPU.Build.0 = Debug|Any CPU
		{0E6CFF82-D3C0-451E-9497-03DA989BB045}.Release|Any CPU.ActiveCfg = Release|Any CPU
		{0E6CFF82-D3C0-451E-9497-03DA989BB045}.Release|Any CPU.Build.0 = Release|Any CPU
	EndGlobalSection
	GlobalSection(SolutionProperties) = preSolution
		HideSolutionNode = FALSE
	EndGlobalSection
	GlobalSection(ExtensibilityGlobals) = postSolution
		SolutionGuid = {87F14DBD-F4BF-4FC0-B2FC-46246CE3A0B1}
	EndGlobalSection
EndGlobal
